
Microsoft Visual Studio Solution File, Format Version 12.00
# Visual Studio Version 17
VisualStudioVersion = 17.10.34928.147
MinimumVisualStudioVersion = 10.0.40219.1
Project("{9A19103F-16F7-4668-BE54-9A1E7A4F7556}") = "AdBulletin.Core", "AdBulletin.Core\AdBulletin.Core.csproj", "{7C22A2E9-E9ED-49CE-99A9-858BDDBB77BE}"
EndProject
Project("{9A19103F-16F7-4668-BE54-9A1E7A4F7556}") = "AdBulletin.Common", "AdBulletin.Common\AdBulletin.Common.csproj", "{4B419646-AE3D-404B-9F99-22CC73997C63}"
EndProject
Project("{9A19103F-16F7-4668-BE54-9A1E7A4F7556}") = "AdBulletin.Domain", "AdBulletin.Domain\AdBulletin.Domain.csproj", "{B5C32572-CD93-42CF-A770-F28EC2698616}"
EndProject
Project("{9A19103F-16F7-4668-BE54-9A1E7A4F7556}") = "AdBulletin.Infrastructure", "AdBulletin.Infrastructure\AdBulletin.Infrastructure.csproj", "{D4215D0F-537C-4937-AC6D-C6793458658C}"
EndProject
Project("{FAE04EC0-301F-11D3-BF4B-00C04F79EFBC}") = "AdBulletin.WebAPI", "AdBulletin.WebAPI\AdBulletin.WebAPI.csproj", "{E1728B15-DF8D-4E87-8728-422809D2ADF0}"
EndProject
Global
	GlobalSection(SolutionConfigurationPlatforms) = preSolution
		Debug|Any CPU = Debug|Any CPU
		Release|Any CPU = Release|Any CPU
	EndGlobalSection
	GlobalSection(ProjectConfigurationPlatforms) = postSolution
		{7C22A2E9-E9ED-49CE-99A9-858BDDBB77BE}.Debug|Any CPU.ActiveCfg = Debug|Any CPU
		{7C22A2E9-E9ED-49CE-99A9-858BDDBB77BE}.Debug|Any CPU.Build.0 = Debug|Any CPU
		{7C22A2E9-E9ED-49CE-99A9-858BDDBB77BE}.Release|Any CPU.ActiveCfg = Release|Any CPU
		{7C22A2E9-E9ED-49CE-99A9-858BDDBB77BE}.Release|Any CPU.Build.0 = Release|Any CPU
		{4B419646-AE3D-404B-9F99-22CC73997C63}.Debug|Any CPU.ActiveCfg = Debug|Any CPU
		{4B419646-AE3D-404B-9F99-22CC73997C63}.Debug|Any CPU.Build.0 = Debug|Any CPU
		{4B419646-AE3D-404B-9F99-22CC73997C63}.Release|Any CPU.ActiveCfg = Release|Any CPU
		{4B419646-AE3D-404B-9F99-22CC73997C63}.Release|Any CPU.Build.0 = Release|Any CPU
		{B5C32572-CD93-42CF-A770-F28EC2698616}.Debug|Any CPU.ActiveCfg = Debug|Any CPU
		{B5C32572-CD93-42CF-A770-F28EC2698616}.Debug|Any CPU.Build.0 = Debug|Any CPU
		{B5C32572-CD93-42CF-A770-F28EC2698616}.Release|Any CPU.ActiveCfg = Release|Any CPU
		{B5C32572-CD93-42CF-A770-F28EC2698616}.Release|Any CPU.Build.0 = Release|Any CPU
		{D4215D0F-537C-4937-AC6D-C6793458658C}.Debug|Any CPU.ActiveCfg = Debug|Any CPU
		{D4215D0F-537C-4937-AC6D-C6793458658C}.Debug|Any CPU.Build.0 = Debug|Any CPU
		{D4215D0F-537C-4937-AC6D-C6793458658C}.Release|Any CPU.ActiveCfg = Release|Any CPU
		{D4215D0F-537C-4937-AC6D-C6793458658C}.Release|Any CPU.Build.0 = Release|Any CPU
		{E1728B15-DF8D-4E87-8728-422809D2ADF0}.Debug|Any CPU.ActiveCfg = Debug|Any CPU
		{E1728B15-DF8D-4E87-8728-422809D2ADF0}.Debug|Any CPU.Build.0 = Debug|Any CPU
		{E1728B15-DF8D-4E87-8728-422809D2ADF0}.Release|Any CPU.ActiveCfg = Release|Any CPU
		{E1728B15-DF8D-4E87-8728-422809D2ADF0}.Release|Any CPU.Build.0 = Release|Any CPU
	EndGlobalSection
	GlobalSection(SolutionProperties) = preSolution
		HideSolutionNode = FALSE
	EndGlobalSection
	GlobalSection(ExtensibilityGlobals) = postSolution
		SolutionGuid = {380D3C8C-53CE-4525-9D05-04B76B39F5A1}
	EndGlobalSection
EndGlobal
